# Prisma Migrate lockfile v1

20201028140012-init
20201029095343-new-table-names
20201029141416-many-to-many
20201103122214-add-friends-to-users
20201103132323-add-friends-again
20201103145341-friendships
20201103145903-friendships2
20201103152641-frinedships3
20201103155412-friendships4
20201103160909-friendships5
20201103162413-friendships6
20201103162608-friendships7